
Microsoft Visual Studio Solution File, Format Version 12.00
# Visual Studio 15
VisualStudioVersion = 15.0.26124.0
MinimumVisualStudioVersion = 15.0.26124.0
Project("{2150E333-8FDC-42A3-9474-1A3956D46DE8}") = "src", "src", "{87C729A1-9710-428F-979C-F322FA7946B2}"
EndProject
Project("{FAE04EC0-301F-11D3-BF4B-00C04F79EFBC}") = "exo3.App", "src\exo3.App\exo3.App.csproj", "{5BD8FFAF-6972-438D-9B2E-91CB69B9EEC9}"
EndProject
Project("{FAE04EC0-301F-11D3-BF4B-00C04F79EFBC}") = "exo3.Core", "src\exo3.Core\exo3.Core.csproj", "{E1482366-EC61-4498-BC89-1026A334579A}"
EndProject
Project("{FAE04EC0-301F-11D3-BF4B-00C04F79EFBC}") = "exo3.Tests", "src\exo3.Tests\exo3.Tests.csproj", "{6D02DFE0-7925-4D00-925C-1ECED16ABDEE}"
EndProject
Global
	GlobalSection(SolutionConfigurationPlatforms) = preSolution
		Debug|Any CPU = Debug|Any CPU
		Debug|x64 = Debug|x64
		Debug|x86 = Debug|x86
		Release|Any CPU = Release|Any CPU
		Release|x64 = Release|x64
		Release|x86 = Release|x86
	EndGlobalSection
	GlobalSection(SolutionProperties) = preSolution
		HideSolutionNode = FALSE
	EndGlobalSection
	GlobalSection(ProjectConfigurationPlatforms) = postSolution
		{5BD8FFAF-6972-438D-9B2E-91CB69B9EEC9}.Debug|Any CPU.ActiveCfg = Debug|Any CPU
		{5BD8FFAF-6972-438D-9B2E-91CB69B9EEC9}.Debug|Any CPU.Build.0 = Debug|Any CPU
		{5BD8FFAF-6972-438D-9B2E-91CB69B9EEC9}.Debug|x64.ActiveCfg = Debug|Any CPU
		{5BD8FFAF-6972-438D-9B2E-91CB69B9EEC9}.Debug|x64.Build.0 = Debug|Any CPU
		{5BD8FFAF-6972-438D-9B2E-91CB69B9EEC9}.Debug|x86.ActiveCfg = Debug|Any CPU
		{5BD8FFAF-6972-438D-9B2E-91CB69B9EEC9}.Debug|x86.Build.0 = Debug|Any CPU
		{5BD8FFAF-6972-438D-9B2E-91CB69B9EEC9}.Release|Any CPU.ActiveCfg = Release|Any CPU
		{5BD8FFAF-6972-438D-9B2E-91CB69B9EEC9}.Release|Any CPU.Build.0 = Release|Any CPU
		{5BD8FFAF-6972-438D-9B2E-91CB69B9EEC9}.Release|x64.ActiveCfg = Release|Any CPU
		{5BD8FFAF-6972-438D-9B2E-91CB69B9EEC9}.Release|x64.Build.0 = Release|Any CPU
		{5BD8FFAF-6972-438D-9B2E-91CB69B9EEC9}.Release|x86.ActiveCfg = Release|Any CPU
		{5BD8FFAF-6972-438D-9B2E-91CB69B9EEC9}.Release|x86.Build.0 = Release|Any CPU
		{E1482366-EC61-4498-BC89-1026A334579A}.Debug|Any CPU.ActiveCfg = Debug|Any CPU
		{E1482366-EC61-4498-BC89-1026A334579A}.Debug|Any CPU.Build.0 = Debug|Any CPU
		{E1482366-EC61-4498-BC89-1026A334579A}.Debug|x64.ActiveCfg = Debug|Any CPU
		{E1482366-EC61-4498-BC89-1026A334579A}.Debug|x64.Build.0 = Debug|Any CPU
		{E1482366-EC61-4498-BC89-1026A334579A}.Debug|x86.ActiveCfg = Debug|Any CPU
		{E1482366-EC61-4498-BC89-1026A334579A}.Debug|x86.Build.0 = Debug|Any CPU
		{E1482366-EC61-4498-BC89-1026A334579A}.Release|Any CPU.ActiveCfg = Release|Any CPU
		{E1482366-EC61-4498-BC89-1026A334579A}.Release|Any CPU.Build.0 = Release|Any CPU
		{E1482366-EC61-4498-BC89-1026A334579A}.Release|x64.ActiveCfg = Release|Any CPU
		{E1482366-EC61-4498-BC89-1026A334579A}.Release|x64.Build.0 = Release|Any CPU
		{E1482366-EC61-4498-BC89-1026A334579A}.Release|x86.ActiveCfg = Release|Any CPU
		{E1482366-EC61-4498-BC89-1026A334579A}.Release|x86.Build.0 = Release|Any CPU
		{6D02DFE0-7925-4D00-925C-1ECED16ABDEE}.Debug|Any CPU.ActiveCfg = Debug|Any CPU
		{6D02DFE0-7925-4D00-925C-1ECED16ABDEE}.Debug|Any CPU.Build.0 = Debug|Any CPU
		{6D02DFE0-7925-4D00-925C-1ECED16ABDEE}.Debug|x64.ActiveCfg = Debug|Any CPU
		{6D02DFE0-7925-4D00-925C-1ECED16ABDEE}.Debug|x64.Build.0 = Debug|Any CPU
		{6D02DFE0-7925-4D00-925C-1ECED16ABDEE}.Debug|x86.ActiveCfg = Debug|Any CPU
		{6D02DFE0-7925-4D00-925C-1ECED16ABDEE}.Debug|x86.Build.0 = Debug|Any CPU
		{6D02DFE0-7925-4D00-925C-1ECED16ABDEE}.Release|Any CPU.ActiveCfg = Release|Any CPU
		{6D02DFE0-7925-4D00-925C-1ECED16ABDEE}.Release|Any CPU.Build.0 = Release|Any CPU
		{6D02DFE0-7925-4D00-925C-1ECED16ABDEE}.Release|x64.ActiveCfg = Release|Any CPU
		{6D02DFE0-7925-4D00-925C-1ECED16ABDEE}.Release|x64.Build.0 = Release|Any CPU
		{6D02DFE0-7925-4D00-925C-1ECED16ABDEE}.Release|x86.ActiveCfg = Release|Any CPU
		{6D02DFE0-7925-4D00-925C-1ECED16ABDEE}.Release|x86.Build.0 = Release|Any CPU
	EndGlobalSection
	GlobalSection(NestedProjects) = preSolution
		{5BD8FFAF-6972-438D-9B2E-91CB69B9EEC9} = {87C729A1-9710-428F-979C-F322FA7946B2}
		{E1482366-EC61-4498-BC89-1026A334579A} = {87C729A1-9710-428F-979C-F322FA7946B2}
		{6D02DFE0-7925-4D00-925C-1ECED16ABDEE} = {87C729A1-9710-428F-979C-F322FA7946B2}
	EndGlobalSection
EndGlobal
